
Microsoft Visual Studio Solution File, Format Version 12.00
# Visual Studio Version 17
VisualStudioVersion = 17.5.002.0
MinimumVisualStudioVersion = 10.0.40219.1
Project("{9A19103F-16F7-4668-BE54-9A1E7A4F7556}") = "ToDoList", "ToDoList\ToDoList.csproj", "{4F1F0B66-C519-4CED-8EC9-6B0ACCD0DED1}"
EndProject
Project("{9A19103F-16F7-4668-BE54-9A1E7A4F7556}") = "ToDoList (1)", "ToDoList-PSQL\ToDoList.csproj", "{9AD6D84D-3A8F-420E-BF95-CF034BF6AE8B}"
EndProject
Global
	GlobalSection(SolutionConfigurationPlatforms) = preSolution
		Debug|Any CPU = Debug|Any CPU
		Release|Any CPU = Release|Any CPU
	EndGlobalSection
	GlobalSection(ProjectConfigurationPlatforms) = postSolution
		{4F1F0B66-C519-4CED-8EC9-6B0ACCD0DED1}.Debug|Any CPU.ActiveCfg = Debug|Any CPU
		{4F1F0B66-C519-4CED-8EC9-6B0ACCD0DED1}.Debug|Any CPU.Build.0 = Debug|Any CPU
		{4F1F0B66-C519-4CED-8EC9-6B0ACCD0DED1}.Release|Any CPU.ActiveCfg = Release|Any CPU
		{4F1F0B66-C519-4CED-8EC9-6B0ACCD0DED1}.Release|Any CPU.Build.0 = Release|Any CPU
		{9AD6D84D-3A8F-420E-BF95-CF034BF6AE8B}.Debug|Any CPU.ActiveCfg = Debug|Any CPU
		{9AD6D84D-3A8F-420E-BF95-CF034BF6AE8B}.Debug|Any CPU.Build.0 = Debug|Any CPU
		{9AD6D84D-3A8F-420E-BF95-CF034BF6AE8B}.Release|Any CPU.ActiveCfg = Release|Any CPU
		{9AD6D84D-3A8F-420E-BF95-CF034BF6AE8B}.Release|Any CPU.Build.0 = Release|Any CPU
	EndGlobalSection
	GlobalSection(SolutionProperties) = preSolution
		HideSolutionNode = FALSE
	EndGlobalSection
	GlobalSection(ExtensibilityGlobals) = postSolution
		SolutionGuid = {33D9AD98-2D4E-4C4D-B2CD-267A7A6A69A1}
	EndGlobalSection
EndGlobal
